
Microsoft Visual Studio Solution File, Format Version 12.00
# Visual Studio 2013
VisualStudioVersion = 12.0.30110.0
MinimumVisualStudioVersion = 10.0.40219.1
Project("{FAE04EC0-301F-11D3-BF4B-00C04F79EFBC}") = "MvxDemo.Models", "MvxDemo.Models\MvxDemo.Models.csproj", "{EDA3AB9E-6F3E-42CE-9B6E-42EC70FCC0A6}"
EndProject
Project("{FAE04EC0-301F-11D3-BF4B-00C04F79EFBC}") = "MvxDemo.WebApi", "MvxDemo.WebApi\MvxDemo.WebApi.csproj", "{556EB32C-A5B0-4DAC-9420-DEB57334ED2C}"
EndProject
Project("{FAE04EC0-301F-11D3-BF4B-00C04F79EFBC}") = "MvxDemo.Core", "MvxDemo.Core\MvxDemo.Core.csproj", "{F45C6CC0-F153-4C29-B235-75C666524991}"
EndProject
Project("{FAE04EC0-301F-11D3-BF4B-00C04F79EFBC}") = "MvxDemo.Wpf", "MvxDemo.Wpf\MvxDemo.Wpf.csproj", "{0DDEFAF1-E73F-495F-9074-75F571EFB8F4}"
EndProject
Project("{FAE04EC0-301F-11D3-BF4B-00C04F79EFBC}") = "MvxDemo.Store", "MvxDemo.Store\MvxDemo.Store.csproj", "{5F93FF7B-3E6D-4882-80B0-61084606D775}"
EndProject
Project("{FAE04EC0-301F-11D3-BF4B-00C04F79EFBC}") = "MvxDemo.Droid", "MvxDemo.Droid\MvxDemo.Droid.csproj", "{B90C3898-09CE-4639-BC15-06068818EA58}"
EndProject
Project("{FAE04EC0-301F-11D3-BF4B-00C04F79EFBC}") = "MvxDemo.Touch", "MvxDemo.Touch\MvxDemo.Touch.csproj", "{080EDB5F-1677-4540-9AC4-D2C059B24E99}"
EndProject
Global
	GlobalSection(SolutionConfigurationPlatforms) = preSolution
		Ad-Hoc|Any CPU = Ad-Hoc|Any CPU
		Ad-Hoc|ARM = Ad-Hoc|ARM
		Ad-Hoc|iPhone = Ad-Hoc|iPhone
		Ad-Hoc|iPhoneSimulator = Ad-Hoc|iPhoneSimulator
		Ad-Hoc|Mixed Platforms = Ad-Hoc|Mixed Platforms
		Ad-Hoc|x64 = Ad-Hoc|x64
		Ad-Hoc|x86 = Ad-Hoc|x86
		AppStore|Any CPU = AppStore|Any CPU
		AppStore|ARM = AppStore|ARM
		AppStore|iPhone = AppStore|iPhone
		AppStore|iPhoneSimulator = AppStore|iPhoneSimulator
		AppStore|Mixed Platforms = AppStore|Mixed Platforms
		AppStore|x64 = AppStore|x64
		AppStore|x86 = AppStore|x86
		Debug|Any CPU = Debug|Any CPU
		Debug|ARM = Debug|ARM
		Debug|iPhone = Debug|iPhone
		Debug|iPhoneSimulator = Debug|iPhoneSimulator
		Debug|Mixed Platforms = Debug|Mixed Platforms
		Debug|x64 = Debug|x64
		Debug|x86 = Debug|x86
		Release|Any CPU = Release|Any CPU
		Release|ARM = Release|ARM
		Release|iPhone = Release|iPhone
		Release|iPhoneSimulator = Release|iPhoneSimulator
		Release|Mixed Platforms = Release|Mixed Platforms
		Release|x64 = Release|x64
		Release|x86 = Release|x86
	EndGlobalSection
	GlobalSection(ProjectConfigurationPlatforms) = postSolution
		{EDA3AB9E-6F3E-42CE-9B6E-42EC70FCC0A6}.Ad-Hoc|Any CPU.ActiveCfg = Release|Any CPU
		{EDA3AB9E-6F3E-42CE-9B6E-42EC70FCC0A6}.Ad-Hoc|Any CPU.Build.0 = Release|Any CPU
		{EDA3AB9E-6F3E-42CE-9B6E-42EC70FCC0A6}.Ad-Hoc|ARM.ActiveCfg = Release|Any CPU
		{EDA3AB9E-6F3E-42CE-9B6E-42EC70FCC0A6}.Ad-Hoc|iPhone.ActiveCfg = Release|Any CPU
		{EDA3AB9E-6F3E-42CE-9B6E-42EC70FCC0A6}.Ad-Hoc|iPhoneSimulator.ActiveCfg = Release|Any CPU
		{EDA3AB9E-6F3E-42CE-9B6E-42EC70FCC0A6}.Ad-Hoc|Mixed Platforms.ActiveCfg = Release|Any CPU
		{EDA3AB9E-6F3E-42CE-9B6E-42EC70FCC0A6}.Ad-Hoc|Mixed Platforms.Build.0 = Release|Any CPU
		{EDA3AB9E-6F3E-42CE-9B6E-42EC70FCC0A6}.Ad-Hoc|x64.ActiveCfg = Release|Any CPU
		{EDA3AB9E-6F3E-42CE-9B6E-42EC70FCC0A6}.Ad-Hoc|x86.ActiveCfg = Release|Any CPU
		{EDA3AB9E-6F3E-42CE-9B6E-42EC70FCC0A6}.AppStore|Any CPU.ActiveCfg = Release|Any CPU
		{EDA3AB9E-6F3E-42CE-9B6E-42EC70FCC0A6}.AppStore|Any CPU.Build.0 = Release|Any CPU
		{EDA3AB9E-6F3E-42CE-9B6E-42EC70FCC0A6}.AppStore|ARM.ActiveCfg = Release|Any CPU
		{EDA3AB9E-6F3E-42CE-9B6E-42EC70FCC0A6}.AppStore|iPhone.ActiveCfg = Release|Any CPU
		{EDA3AB9E-6F3E-42CE-9B6E-42EC70FCC0A6}.AppStore|iPhoneSimulator.ActiveCfg = Release|Any CPU
		{EDA3AB9E-6F3E-42CE-9B6E-42EC70FCC0A6}.AppStore|Mixed Platforms.ActiveCfg = Release|Any CPU
		{EDA3AB9E-6F3E-42CE-9B6E-42EC70FCC0A6}.AppStore|Mixed Platforms.Build.0 = Release|Any CPU
		{EDA3AB9E-6F3E-42CE-9B6E-42EC70FCC0A6}.AppStore|x64.ActiveCfg = Release|Any CPU
		{EDA3AB9E-6F3E-42CE-9B6E-42EC70FCC0A6}.AppStore|x86.ActiveCfg = Release|Any CPU
		{EDA3AB9E-6F3E-42CE-9B6E-42EC70FCC0A6}.Debug|Any CPU.ActiveCfg = Debug|Any CPU
		{EDA3AB9E-6F3E-42CE-9B6E-42EC70FCC0A6}.Debug|Any CPU.Build.0 = Debug|Any CPU
		{EDA3AB9E-6F3E-42CE-9B6E-42EC70FCC0A6}.Debug|ARM.ActiveCfg = Debug|Any CPU
		{EDA3AB9E-6F3E-42CE-9B6E-42EC70FCC0A6}.Debug|iPhone.ActiveCfg = Debug|Any CPU
		{EDA3AB9E-6F3E-42CE-9B6E-42EC70FCC0A6}.Debug|iPhoneSimulator.ActiveCfg = Debug|Any CPU
		{EDA3AB9E-6F3E-42CE-9B6E-42EC70FCC0A6}.Debug|Mixed Platforms.ActiveCfg = Debug|Any CPU
		{EDA3AB9E-6F3E-42CE-9B6E-42EC70FCC0A6}.Debug|Mixed Platforms.Build.0 = Debug|Any CPU
		{EDA3AB9E-6F3E-42CE-9B6E-42EC70FCC0A6}.Debug|x64.ActiveCfg = Debug|Any CPU
		{EDA3AB9E-6F3E-42CE-9B6E-42EC70FCC0A6}.Debug|x86.ActiveCfg = Debug|Any CPU
		{EDA3AB9E-6F3E-42CE-9B6E-42EC70FCC0A6}.Release|Any CPU.ActiveCfg = Release|Any CPU
		{EDA3AB9E-6F3E-42CE-9B6E-42EC70FCC0A6}.Release|Any CPU.Build.0 = Release|Any CPU
		{EDA3AB9E-6F3E-42CE-9B6E-42EC70FCC0A6}.Release|ARM.ActiveCfg = Release|Any CPU
		{EDA3AB9E-6F3E-42CE-9B6E-42EC70FCC0A6}.Release|iPhone.ActiveCfg = Release|Any CPU
		{EDA3AB9E-6F3E-42CE-9B6E-42EC70FCC0A6}.Release|iPhoneSimulator.ActiveCfg = Release|Any CPU
		{EDA3AB9E-6F3E-42CE-9B6E-42EC70FCC0A6}.Release|Mixed Platforms.ActiveCfg = Release|Any CPU
		{EDA3AB9E-6F3E-42CE-9B6E-42EC70FCC0A6}.Release|Mixed Platforms.Build.0 = Release|Any CPU
		{EDA3AB9E-6F3E-42CE-9B6E-42EC70FCC0A6}.Release|x64.ActiveCfg = Release|Any CPU
		{EDA3AB9E-6F3E-42CE-9B6E-42EC70FCC0A6}.Release|x86.ActiveCfg = Release|Any CPU
		{556EB32C-A5B0-4DAC-9420-DEB57334ED2C}.Ad-Hoc|Any CPU.ActiveCfg = Release|Any CPU
		{556EB32C-A5B0-4DAC-9420-DEB57334ED2C}.Ad-Hoc|Any CPU.Build.0 = Release|Any CPU
		{556EB32C-A5B0-4DAC-9420-DEB57334ED2C}.Ad-Hoc|ARM.ActiveCfg = Release|Any CPU
		{556EB32C-A5B0-4DAC-9420-DEB57334ED2C}.Ad-Hoc|iPhone.ActiveCfg = Release|Any CPU
		{556EB32C-A5B0-4DAC-9420-DEB57334ED2C}.Ad-Hoc|iPhoneSimulator.ActiveCfg = Release|Any CPU
		{556EB32C-A5B0-4DAC-9420-DEB57334ED2C}.Ad-Hoc|Mixed Platforms.ActiveCfg = Release|Any CPU
		{556EB32C-A5B0-4DAC-9420-DEB57334ED2C}.Ad-Hoc|Mixed Platforms.Build.0 = Release|Any CPU
		{556EB32C-A5B0-4DAC-9420-DEB57334ED2C}.Ad-Hoc|x64.ActiveCfg = Release|Any CPU
		{556EB32C-A5B0-4DAC-9420-DEB57334ED2C}.Ad-Hoc|x86.ActiveCfg = Release|Any CPU
		{556EB32C-A5B0-4DAC-9420-DEB57334ED2C}.AppStore|Any CPU.ActiveCfg = Release|Any CPU
		{556EB32C-A5B0-4DAC-9420-DEB57334ED2C}.AppStore|Any CPU.Build.0 = Release|Any CPU
		{556EB32C-A5B0-4DAC-9420-DEB57334ED2C}.AppStore|ARM.ActiveCfg = Release|Any CPU
		{556EB32C-A5B0-4DAC-9420-DEB57334ED2C}.AppStore|iPhone.ActiveCfg = Release|Any CPU
		{556EB32C-A5B0-4DAC-9420-DEB57334ED2C}.AppStore|iPhoneSimulator.ActiveCfg = Release|Any CPU
		{556EB32C-A5B0-4DAC-9420-DEB57334ED2C}.AppStore|Mixed Platforms.ActiveCfg = Release|Any CPU
		{556EB32C-A5B0-4DAC-9420-DEB57334ED2C}.AppStore|Mixed Platforms.Build.0 = Release|Any CPU
		{556EB32C-A5B0-4DAC-9420-DEB57334ED2C}.AppStore|x64.ActiveCfg = Release|Any CPU
		{556EB32C-A5B0-4DAC-9420-DEB57334ED2C}.AppStore|x86.ActiveCfg = Release|Any CPU
		{556EB32C-A5B0-4DAC-9420-DEB57334ED2C}.Debug|Any CPU.ActiveCfg = Debug|Any CPU
		{556EB32C-A5B0-4DAC-9420-DEB57334ED2C}.Debug|Any CPU.Build.0 = Debug|Any CPU
		{556EB32C-A5B0-4DAC-9420-DEB57334ED2C}.Debug|ARM.ActiveCfg = Debug|Any CPU
		{556EB32C-A5B0-4DAC-9420-DEB57334ED2C}.Debug|iPhone.ActiveCfg = Debug|Any CPU
		{556EB32C-A5B0-4DAC-9420-DEB57334ED2C}.Debug|iPhoneSimulator.ActiveCfg = Debug|Any CPU
		{556EB32C-A5B0-4DAC-9420-DEB57334ED2C}.Debug|Mixed Platforms.ActiveCfg = Debug|Any CPU
		{556EB32C-A5B0-4DAC-9420-DEB57334ED2C}.Debug|Mixed Platforms.Build.0 = Debug|Any CPU
		{556EB32C-A5B0-4DAC-9420-DEB57334ED2C}.Debug|x64.ActiveCfg = Debug|Any CPU
		{556EB32C-A5B0-4DAC-9420-DEB57334ED2C}.Debug|x86.ActiveCfg = Debug|Any CPU
		{556EB32C-A5B0-4DAC-9420-DEB57334ED2C}.Release|Any CPU.ActiveCfg = Release|Any CPU
		{556EB32C-A5B0-4DAC-9420-DEB57334ED2C}.Release|Any CPU.Build.0 = Release|Any CPU
		{556EB32C-A5B0-4DAC-9420-DEB57334ED2C}.Release|ARM.ActiveCfg = Release|Any CPU
		{556EB32C-A5B0-4DAC-9420-DEB57334ED2C}.Release|iPhone.ActiveCfg = Release|Any CPU
		{556EB32C-A5B0-4DAC-9420-DEB57334ED2C}.Release|iPhoneSimulator.ActiveCfg = Release|Any CPU
		{556EB32C-A5B0-4DAC-9420-DEB57334ED2C}.Release|Mixed Platforms.ActiveCfg = Release|Any CPU
		{556EB32C-A5B0-4DAC-9420-DEB57334ED2C}.Release|Mixed Platforms.Build.0 = Release|Any CPU
		{556EB32C-A5B0-4DAC-9420-DEB57334ED2C}.Release|x64.ActiveCfg = Release|Any CPU
		{556EB32C-A5B0-4DAC-9420-DEB57334ED2C}.Release|x86.ActiveCfg = Release|Any CPU
		{F45C6CC0-F153-4C29-B235-75C666524991}.Ad-Hoc|Any CPU.ActiveCfg = Release|Any CPU
		{F45C6CC0-F153-4C29-B235-75C666524991}.Ad-Hoc|Any CPU.Build.0 = Release|Any CPU
		{F45C6CC0-F153-4C29-B235-75C666524991}.Ad-Hoc|ARM.ActiveCfg = Release|Any CPU
		{F45C6CC0-F153-4C29-B235-75C666524991}.Ad-Hoc|iPhone.ActiveCfg = Release|Any CPU
		{F45C6CC0-F153-4C29-B235-75C666524991}.Ad-Hoc|iPhoneSimulator.ActiveCfg = Release|Any CPU
		{F45C6CC0-F153-4C29-B235-75C666524991}.Ad-Hoc|Mixed Platforms.ActiveCfg = Release|Any CPU
		{F45C6CC0-F153-4C29-B235-75C666524991}.Ad-Hoc|Mixed Platforms.Build.0 = Release|Any CPU
		{F45C6CC0-F153-4C29-B235-75C666524991}.Ad-Hoc|x64.ActiveCfg = Release|Any CPU
		{F45C6CC0-F153-4C29-B235-75C666524991}.Ad-Hoc|x86.ActiveCfg = Release|Any CPU
		{F45C6CC0-F153-4C29-B235-75C666524991}.AppStore|Any CPU.ActiveCfg = Release|Any CPU
		{F45C6CC0-F153-4C29-B235-75C666524991}.AppStore|Any CPU.Build.0 = Release|Any CPU
		{F45C6CC0-F153-4C29-B235-75C666524991}.AppStore|ARM.ActiveCfg = Release|Any CPU
		{F45C6CC0-F153-4C29-B235-75C666524991}.AppStore|iPhone.ActiveCfg = Release|Any CPU
		{F45C6CC0-F153-4C29-B235-75C666524991}.AppStore|iPhoneSimulator.ActiveCfg = Release|Any CPU
		{F45C6CC0-F153-4C29-B235-75C666524991}.AppStore|Mixed Platforms.ActiveCfg = Release|Any CPU
		{F45C6CC0-F153-4C29-B235-75C666524991}.AppStore|Mixed Platforms.Build.0 = Release|Any CPU
		{F45C6CC0-F153-4C29-B235-75C666524991}.AppStore|x64.ActiveCfg = Release|Any CPU
		{F45C6CC0-F153-4C29-B235-75C666524991}.AppStore|x86.ActiveCfg = Release|Any CPU
		{F45C6CC0-F153-4C29-B235-75C666524991}.Debug|Any CPU.ActiveCfg = Debug|Any CPU
		{F45C6CC0-F153-4C29-B235-75C666524991}.Debug|Any CPU.Build.0 = Debug|Any CPU
		{F45C6CC0-F153-4C29-B235-75C666524991}.Debug|ARM.ActiveCfg = Debug|Any CPU
		{F45C6CC0-F153-4C29-B235-75C666524991}.Debug|iPhone.ActiveCfg = Debug|Any CPU
		{F45C6CC0-F153-4C29-B235-75C666524991}.Debug|iPhoneSimulator.ActiveCfg = Debug|Any CPU
		{F45C6CC0-F153-4C29-B235-75C666524991}.Debug|Mixed Platforms.ActiveCfg = Debug|Any CPU
		{F45C6CC0-F153-4C29-B235-75C666524991}.Debug|Mixed Platforms.Build.0 = Debug|Any CPU
		{F45C6CC0-F153-4C29-B235-75C666524991}.Debug|x64.ActiveCfg = Debug|Any CPU
		{F45C6CC0-F153-4C29-B235-75C666524991}.Debug|x86.ActiveCfg = Debug|Any CPU
		{F45C6CC0-F153-4C29-B235-75C666524991}.Release|Any CPU.ActiveCfg = Release|Any CPU
		{F45C6CC0-F153-4C29-B235-75C666524991}.Release|Any CPU.Build.0 = Release|Any CPU
		{F45C6CC0-F153-4C29-B235-75C666524991}.Release|ARM.ActiveCfg = Release|Any CPU
		{F45C6CC0-F153-4C29-B235-75C666524991}.Release|iPhone.ActiveCfg = Release|Any CPU
		{F45C6CC0-F153-4C29-B235-75C666524991}.Release|iPhoneSimulator.ActiveCfg = Release|Any CPU
		{F45C6CC0-F153-4C29-B235-75C666524991}.Release|Mixed Platforms.ActiveCfg = Release|Any CPU
		{F45C6CC0-F153-4C29-B235-75C666524991}.Release|Mixed Platforms.Build.0 = Release|Any CPU
		{F45C6CC0-F153-4C29-B235-75C666524991}.Release|x64.ActiveCfg = Release|Any CPU
		{F45C6CC0-F153-4C29-B235-75C666524991}.Release|x86.ActiveCfg = Release|Any CPU
		{0DDEFAF1-E73F-495F-9074-75F571EFB8F4}.Ad-Hoc|Any CPU.ActiveCfg = Release|Any CPU
		{0DDEFAF1-E73F-495F-9074-75F571EFB8F4}.Ad-Hoc|Any CPU.Build.0 = Release|Any CPU
		{0DDEFAF1-E73F-495F-9074-75F571EFB8F4}.Ad-Hoc|ARM.ActiveCfg = Release|Any CPU
		{0DDEFAF1-E73F-495F-9074-75F571EFB8F4}.Ad-Hoc|iPhone.ActiveCfg = Release|Any CPU
		{0DDEFAF1-E73F-495F-9074-75F571EFB8F4}.Ad-Hoc|iPhoneSimulator.ActiveCfg = Release|Any CPU
		{0DDEFAF1-E73F-495F-9074-75F571EFB8F4}.Ad-Hoc|Mixed Platforms.ActiveCfg = Release|Any CPU
		{0DDEFAF1-E73F-495F-9074-75F571EFB8F4}.Ad-Hoc|Mixed Platforms.Build.0 = Release|Any CPU
		{0DDEFAF1-E73F-495F-9074-75F571EFB8F4}.Ad-Hoc|x64.ActiveCfg = Release|Any CPU
		{0DDEFAF1-E73F-495F-9074-75F571EFB8F4}.Ad-Hoc|x86.ActiveCfg = Release|Any CPU
		{0DDEFAF1-E73F-495F-9074-75F571EFB8F4}.AppStore|Any CPU.ActiveCfg = Release|Any CPU
		{0DDEFAF1-E73F-495F-9074-75F571EFB8F4}.AppStore|Any CPU.Build.0 = Release|Any CPU
		{0DDEFAF1-E73F-495F-9074-75F571EFB8F4}.AppStore|ARM.ActiveCfg = Release|Any CPU
		{0DDEFAF1-E73F-495F-9074-75F571EFB8F4}.AppStore|iPhone.ActiveCfg = Release|Any CPU
		{0DDEFAF1-E73F-495F-9074-75F571EFB8F4}.AppStore|iPhoneSimulator.ActiveCfg = Release|Any CPU
		{0DDEFAF1-E73F-495F-9074-75F571EFB8F4}.AppStore|Mixed Platforms.ActiveCfg = Release|Any CPU
		{0DDEFAF1-E73F-495F-9074-75F571EFB8F4}.AppStore|Mixed Platforms.Build.0 = Release|Any CPU
		{0DDEFAF1-E73F-495F-9074-75F571EFB8F4}.AppStore|x64.ActiveCfg = Release|Any CPU
		{0DDEFAF1-E73F-495F-9074-75F571EFB8F4}.AppStore|x86.ActiveCfg = Release|Any CPU
		{0DDEFAF1-E73F-495F-9074-75F571EFB8F4}.Debug|Any CPU.ActiveCfg = Debug|Any CPU
		{0DDEFAF1-E73F-495F-9074-75F571EFB8F4}.Debug|Any CPU.Build.0 = Debug|Any CPU
		{0DDEFAF1-E73F-495F-9074-75F571EFB8F4}.Debug|ARM.ActiveCfg = Debug|Any CPU
		{0DDEFAF1-E73F-495F-9074-75F571EFB8F4}.Debug|iPhone.ActiveCfg = Debug|Any CPU
		{0DDEFAF1-E73F-495F-9074-75F571EFB8F4}.Debug|iPhoneSimulator.ActiveCfg = Debug|Any CPU
		{0DDEFAF1-E73F-495F-9074-75F571EFB8F4}.Debug|Mixed Platforms.ActiveCfg = Debug|Any CPU
		{0DDEFAF1-E73F-495F-9074-75F571EFB8F4}.Debug|Mixed Platforms.Build.0 = Debug|Any CPU
		{0DDEFAF1-E73F-495F-9074-75F571EFB8F4}.Debug|x64.ActiveCfg = Debug|Any CPU
		{0DDEFAF1-E73F-495F-9074-75F571EFB8F4}.Debug|x86.ActiveCfg = Debug|Any CPU
		{0DDEFAF1-E73F-495F-9074-75F571EFB8F4}.Release|Any CPU.ActiveCfg = Release|Any CPU
		{0DDEFAF1-E73F-495F-9074-75F571EFB8F4}.Release|Any CPU.Build.0 = Release|Any CPU
		{0DDEFAF1-E73F-495F-9074-75F571EFB8F4}.Release|ARM.ActiveCfg = Release|Any CPU
		{0DDEFAF1-E73F-495F-9074-75F571EFB8F4}.Release|iPhone.ActiveCfg = Release|Any CPU
		{0DDEFAF1-E73F-495F-9074-75F571EFB8F4}.Release|iPhoneSimulator.ActiveCfg = Release|Any CPU
		{0DDEFAF1-E73F-495F-9074-75F571EFB8F4}.Release|Mixed Platforms.ActiveCfg = Release|Any CPU
		{0DDEFAF1-E73F-495F-9074-75F571EFB8F4}.Release|Mixed Platforms.Build.0 = Release|Any CPU
		{0DDEFAF1-E73F-495F-9074-75F571EFB8F4}.Release|x64.ActiveCfg = Release|Any CPU
		{0DDEFAF1-E73F-495F-9074-75F571EFB8F4}.Release|x86.ActiveCfg = Release|Any CPU
		{5F93FF7B-3E6D-4882-80B0-61084606D775}.Ad-Hoc|Any CPU.ActiveCfg = Release|Any CPU
		{5F93FF7B-3E6D-4882-80B0-61084606D775}.Ad-Hoc|Any CPU.Build.0 = Release|Any CPU
		{5F93FF7B-3E6D-4882-80B0-61084606D775}.Ad-Hoc|Any CPU.Deploy.0 = Release|Any CPU
		{5F93FF7B-3E6D-4882-80B0-61084606D775}.Ad-Hoc|ARM.ActiveCfg = Release|ARM
		{5F93FF7B-3E6D-4882-80B0-61084606D775}.Ad-Hoc|ARM.Build.0 = Release|ARM
		{5F93FF7B-3E6D-4882-80B0-61084606D775}.Ad-Hoc|ARM.Deploy.0 = Release|ARM
		{5F93FF7B-3E6D-4882-80B0-61084606D775}.Ad-Hoc|iPhone.ActiveCfg = Release|Any CPU
		{5F93FF7B-3E6D-4882-80B0-61084606D775}.Ad-Hoc|iPhoneSimulator.ActiveCfg = Release|Any CPU
		{5F93FF7B-3E6D-4882-80B0-61084606D775}.Ad-Hoc|Mixed Platforms.ActiveCfg = Release|x86
		{5F93FF7B-3E6D-4882-80B0-61084606D775}.Ad-Hoc|Mixed Platforms.Build.0 = Release|x86
		{5F93FF7B-3E6D-4882-80B0-61084606D775}.Ad-Hoc|Mixed Platforms.Deploy.0 = Release|x86
		{5F93FF7B-3E6D-4882-80B0-61084606D775}.Ad-Hoc|x64.ActiveCfg = Release|x64
		{5F93FF7B-3E6D-4882-80B0-61084606D775}.Ad-Hoc|x64.Build.0 = Release|x64
		{5F93FF7B-3E6D-4882-80B0-61084606D775}.Ad-Hoc|x64.Deploy.0 = Release|x64
		{5F93FF7B-3E6D-4882-80B0-61084606D775}.Ad-Hoc|x86.ActiveCfg = Release|x86
		{5F93FF7B-3E6D-4882-80B0-61084606D775}.Ad-Hoc|x86.Build.0 = Release|x86
		{5F93FF7B-3E6D-4882-80B0-61084606D775}.Ad-Hoc|x86.Deploy.0 = Release|x86
		{5F93FF7B-3E6D-4882-80B0-61084606D775}.AppStore|Any CPU.ActiveCfg = Release|Any CPU
		{5F93FF7B-3E6D-4882-80B0-61084606D775}.AppStore|Any CPU.Build.0 = Release|Any CPU
		{5F93FF7B-3E6D-4882-80B0-61084606D775}.AppStore|Any CPU.Deploy.0 = Release|Any CPU
		{5F93FF7B-3E6D-4882-80B0-61084606D775}.AppStore|ARM.ActiveCfg = Release|ARM
		{5F93FF7B-3E6D-4882-80B0-61084606D775}.AppStore|ARM.Build.0 = Release|ARM
		{5F93FF7B-3E6D-4882-80B0-61084606D775}.AppStore|ARM.Deploy.0 = Release|ARM
		{5F93FF7B-3E6D-4882-80B0-61084606D775}.AppStore|iPhone.ActiveCfg = Release|Any CPU
		{5F93FF7B-3E6D-4882-80B0-61084606D775}.AppStore|iPhoneSimulator.ActiveCfg = Release|Any CPU
		{5F93FF7B-3E6D-4882-80B0-61084606D775}.AppStore|Mixed Platforms.ActiveCfg = Release|x86
		{5F93FF7B-3E6D-4882-80B0-61084606D775}.AppStore|Mixed Platforms.Build.0 = Release|x86
		{5F93FF7B-3E6D-4882-80B0-61084606D775}.AppStore|Mixed Platforms.Deploy.0 = Release|x86
		{5F93FF7B-3E6D-4882-80B0-61084606D775}.AppStore|x64.ActiveCfg = Release|x64
		{5F93FF7B-3E6D-4882-80B0-61084606D775}.AppStore|x64.Build.0 = Release|x64
		{5F93FF7B-3E6D-4882-80B0-61084606D775}.AppStore|x64.Deploy.0 = Release|x64
		{5F93FF7B-3E6D-4882-80B0-61084606D775}.AppStore|x86.ActiveCfg = Release|x86
		{5F93FF7B-3E6D-4882-80B0-61084606D775}.AppStore|x86.Build.0 = Release|x86
		{5F93FF7B-3E6D-4882-80B0-61084606D775}.AppStore|x86.Deploy.0 = Release|x86
		{5F93FF7B-3E6D-4882-80B0-61084606D775}.Debug|Any CPU.ActiveCfg = Debug|Any CPU
		{5F93FF7B-3E6D-4882-80B0-61084606D775}.Debug|Any CPU.Build.0 = Debug|Any CPU
		{5F93FF7B-3E6D-4882-80B0-61084606D775}.Debug|Any CPU.Deploy.0 = Debug|Any CPU
		{5F93FF7B-3E6D-4882-80B0-61084606D775}.Debug|ARM.ActiveCfg = Debug|ARM
		{5F93FF7B-3E6D-4882-80B0-61084606D775}.Debug|ARM.Build.0 = Debug|ARM
		{5F93FF7B-3E6D-4882-80B0-61084606D775}.Debug|ARM.Deploy.0 = Debug|ARM
		{5F93FF7B-3E6D-4882-80B0-61084606D775}.Debug|iPhone.ActiveCfg = Debug|Any CPU
		{5F93FF7B-3E6D-4882-80B0-61084606D775}.Debug|iPhoneSimulator.ActiveCfg = Debug|Any CPU
		{5F93FF7B-3E6D-4882-80B0-61084606D775}.Debug|Mixed Platforms.ActiveCfg = Debug|x86
		{5F93FF7B-3E6D-4882-80B0-61084606D775}.Debug|Mixed Platforms.Build.0 = Debug|x86
		{5F93FF7B-3E6D-4882-80B0-61084606D775}.Debug|Mixed Platforms.Deploy.0 = Debug|x86
		{5F93FF7B-3E6D-4882-80B0-61084606D775}.Debug|x64.ActiveCfg = Debug|x64
		{5F93FF7B-3E6D-4882-80B0-61084606D775}.Debug|x64.Build.0 = Debug|x64
		{5F93FF7B-3E6D-4882-80B0-61084606D775}.Debug|x64.Deploy.0 = Debug|x64
		{5F93FF7B-3E6D-4882-80B0-61084606D775}.Debug|x86.ActiveCfg = Debug|x86
		{5F93FF7B-3E6D-4882-80B0-61084606D775}.Debug|x86.Build.0 = Debug|x86
		{5F93FF7B-3E6D-4882-80B0-61084606D775}.Debug|x86.Deploy.0 = Debug|x86
		{5F93FF7B-3E6D-4882-80B0-61084606D775}.Release|Any CPU.ActiveCfg = Release|Any CPU
		{5F93FF7B-3E6D-4882-80B0-61084606D775}.Release|Any CPU.Build.0 = Release|Any CPU
		{5F93FF7B-3E6D-4882-80B0-61084606D775}.Release|Any CPU.Deploy.0 = Release|Any CPU
		{5F93FF7B-3E6D-4882-80B0-61084606D775}.Release|ARM.ActiveCfg = Release|ARM
		{5F93FF7B-3E6D-4882-80B0-61084606D775}.Release|ARM.Build.0 = Release|ARM
		{5F93FF7B-3E6D-4882-80B0-61084606D775}.Release|ARM.Deploy.0 = Release|ARM
		{5F93FF7B-3E6D-4882-80B0-61084606D775}.Release|iPhone.ActiveCfg = Release|Any CPU
		{5F93FF7B-3E6D-4882-80B0-61084606D775}.Release|iPhoneSimulator.ActiveCfg = Release|Any CPU
		{5F93FF7B-3E6D-4882-80B0-61084606D775}.Release|Mixed Platforms.ActiveCfg = Release|x86
		{5F93FF7B-3E6D-4882-80B0-61084606D775}.Release|Mixed Platforms.Build.0 = Release|x86
		{5F93FF7B-3E6D-4882-80B0-61084606D775}.Release|Mixed Platforms.Deploy.0 = Release|x86
		{5F93FF7B-3E6D-4882-80B0-61084606D775}.Release|x64.ActiveCfg = Release|x64
		{5F93FF7B-3E6D-4882-80B0-61084606D775}.Release|x64.Build.0 = Release|x64
		{5F93FF7B-3E6D-4882-80B0-61084606D775}.Release|x64.Deploy.0 = Release|x64
		{5F93FF7B-3E6D-4882-80B0-61084606D775}.Release|x86.ActiveCfg = Release|x86
		{5F93FF7B-3E6D-4882-80B0-61084606D775}.Release|x86.Build.0 = Release|x86
		{5F93FF7B-3E6D-4882-80B0-61084606D775}.Release|x86.Deploy.0 = Release|x86
		{B90C3898-09CE-4639-BC15-06068818EA58}.Ad-Hoc|Any CPU.ActiveCfg = Release|Any CPU
		{B90C3898-09CE-4639-BC15-06068818EA58}.Ad-Hoc|Any CPU.Build.0 = Release|Any CPU
		{B90C3898-09CE-4639-BC15-06068818EA58}.Ad-Hoc|Any CPU.Deploy.0 = Release|Any CPU
		{B90C3898-09CE-4639-BC15-06068818EA58}.Ad-Hoc|ARM.ActiveCfg = Release|Any CPU
		{B90C3898-09CE-4639-BC15-06068818EA58}.Ad-Hoc|iPhone.ActiveCfg = Release|Any CPU
		{B90C3898-09CE-4639-BC15-06068818EA58}.Ad-Hoc|iPhoneSimulator.ActiveCfg = Release|Any CPU
		{B90C3898-09CE-4639-BC15-06068818EA58}.Ad-Hoc|Mixed Platforms.ActiveCfg = Release|Any CPU
		{B90C3898-09CE-4639-BC15-06068818EA58}.Ad-Hoc|Mixed Platforms.Build.0 = Release|Any CPU
		{B90C3898-09CE-4639-BC15-06068818EA58}.Ad-Hoc|Mixed Platforms.Deploy.0 = Release|Any CPU
		{B90C3898-09CE-4639-BC15-06068818EA58}.Ad-Hoc|x64.ActiveCfg = Release|Any CPU
		{B90C3898-09CE-4639-BC15-06068818EA58}.Ad-Hoc|x86.ActiveCfg = Release|Any CPU
		{B90C3898-09CE-4639-BC15-06068818EA58}.AppStore|Any CPU.ActiveCfg = Release|Any CPU
		{B90C3898-09CE-4639-BC15-06068818EA58}.AppStore|Any CPU.Build.0 = Release|Any CPU
		{B90C3898-09CE-4639-BC15-06068818EA58}.AppStore|Any CPU.Deploy.0 = Release|Any CPU
		{B90C3898-09CE-4639-BC15-06068818EA58}.AppStore|ARM.ActiveCfg = Release|Any CPU
		{B90C3898-09CE-4639-BC15-06068818EA58}.AppStore|iPhone.ActiveCfg = Release|Any CPU
		{B90C3898-09CE-4639-BC15-06068818EA58}.AppStore|iPhoneSimulator.ActiveCfg = Release|Any CPU
		{B90C3898-09CE-4639-BC15-06068818EA58}.AppStore|Mixed Platforms.ActiveCfg = Release|Any CPU
		{B90C3898-09CE-4639-BC15-06068818EA58}.AppStore|Mixed Platforms.Build.0 = Release|Any CPU
		{B90C3898-09CE-4639-BC15-06068818EA58}.AppStore|Mixed Platforms.Deploy.0 = Release|Any CPU
		{B90C3898-09CE-4639-BC15-06068818EA58}.AppStore|x64.ActiveCfg = Release|Any CPU
		{B90C3898-09CE-4639-BC15-06068818EA58}.AppStore|x86.ActiveCfg = Release|Any CPU
		{B90C3898-09CE-4639-BC15-06068818EA58}.Debug|Any CPU.ActiveCfg = Debug|Any CPU
		{B90C3898-09CE-4639-BC15-06068818EA58}.Debug|Any CPU.Build.0 = Debug|Any CPU
		{B90C3898-09CE-4639-BC15-06068818EA58}.Debug|Any CPU.Deploy.0 = Debug|Any CPU
		{B90C3898-09CE-4639-BC15-06068818EA58}.Debug|ARM.ActiveCfg = Debug|Any CPU
		{B90C3898-09CE-4639-BC15-06068818EA58}.Debug|iPhone.ActiveCfg = Debug|Any CPU
		{B90C3898-09CE-4639-BC15-06068818EA58}.Debug|iPhoneSimulator.ActiveCfg = Debug|Any CPU
		{B90C3898-09CE-4639-BC15-06068818EA58}.Debug|Mixed Platforms.ActiveCfg = Debug|Any CPU
		{B90C3898-09CE-4639-BC15-06068818EA58}.Debug|Mixed Platforms.Build.0 = Debug|Any CPU
		{B90C3898-09CE-4639-BC15-06068818EA58}.Debug|Mixed Platforms.Deploy.0 = Debug|Any CPU
		{B90C3898-09CE-4639-BC15-06068818EA58}.Debug|x64.ActiveCfg = Debug|Any CPU
		{B90C3898-09CE-4639-BC15-06068818EA58}.Debug|x86.ActiveCfg = Debug|Any CPU
		{B90C3898-09CE-4639-BC15-06068818EA58}.Release|Any CPU.ActiveCfg = Release|Any CPU
		{B90C3898-09CE-4639-BC15-06068818EA58}.Release|Any CPU.Build.0 = Release|Any CPU
		{B90C3898-09CE-4639-BC15-06068818EA58}.Release|Any CPU.Deploy.0 = Release|Any CPU
		{B90C3898-09CE-4639-BC15-06068818EA58}.Release|ARM.ActiveCfg = Release|Any CPU
		{B90C3898-09CE-4639-BC15-06068818EA58}.Release|iPhone.ActiveCfg = Release|Any CPU
		{B90C3898-09CE-4639-BC15-06068818EA58}.Release|iPhoneSimulator.ActiveCfg = Release|Any CPU
		{B90C3898-09CE-4639-BC15-06068818EA58}.Release|Mixed Platforms.ActiveCfg = Release|Any CPU
		{B90C3898-09CE-4639-BC15-06068818EA58}.Release|Mixed Platforms.Build.0 = Release|Any CPU
		{B90C3898-09CE-4639-BC15-06068818EA58}.Release|Mixed Platforms.Deploy.0 = Release|Any CPU
		{B90C3898-09CE-4639-BC15-06068818EA58}.Release|x64.ActiveCfg = Release|Any CPU
		{B90C3898-09CE-4639-BC15-06068818EA58}.Release|x86.ActiveCfg = Release|Any CPU
		{080EDB5F-1677-4540-9AC4-D2C059B24E99}.Ad-Hoc|Any CPU.ActiveCfg = Ad-Hoc|iPhone
		{080EDB5F-1677-4540-9AC4-D2C059B24E99}.Ad-Hoc|ARM.ActiveCfg = Ad-Hoc|iPhone
		{080EDB5F-1677-4540-9AC4-D2C059B24E99}.Ad-Hoc|iPhone.ActiveCfg = Ad-Hoc|iPhone
		{080EDB5F-1677-4540-9AC4-D2C059B24E99}.Ad-Hoc|iPhone.Build.0 = Ad-Hoc|iPhone
		{080EDB5F-1677-4540-9AC4-D2C059B24E99}.Ad-Hoc|iPhoneSimulator.ActiveCfg = Ad-Hoc|iPhoneSimulator
		{080EDB5F-1677-4540-9AC4-D2C059B24E99}.Ad-Hoc|iPhoneSimulator.Build.0 = Ad-Hoc|iPhoneSimulator
		{080EDB5F-1677-4540-9AC4-D2C059B24E99}.Ad-Hoc|Mixed Platforms.ActiveCfg = Ad-Hoc|iPhone
		{080EDB5F-1677-4540-9AC4-D2C059B24E99}.Ad-Hoc|Mixed Platforms.Build.0 = Ad-Hoc|iPhone
		{080EDB5F-1677-4540-9AC4-D2C059B24E99}.Ad-Hoc|x64.ActiveCfg = Ad-Hoc|iPhone
		{080EDB5F-1677-4540-9AC4-D2C059B24E99}.Ad-Hoc|x86.ActiveCfg = Ad-Hoc|iPhone
		{080EDB5F-1677-4540-9AC4-D2C059B24E99}.AppStore|Any CPU.ActiveCfg = AppStore|iPhone
		{080EDB5F-1677-4540-9AC4-D2C059B24E99}.AppStore|ARM.ActiveCfg = AppStore|iPhone
		{080EDB5F-1677-4540-9AC4-D2C059B24E99}.AppStore|iPhone.ActiveCfg = AppStore|iPhone
		{080EDB5F-1677-4540-9AC4-D2C059B24E99}.AppStore|iPhone.Build.0 = AppStore|iPhone
		{080EDB5F-1677-4540-9AC4-D2C059B24E99}.AppStore|iPhoneSimulator.ActiveCfg = AppStore|iPhoneSimulator
		{080EDB5F-1677-4540-9AC4-D2C059B24E99}.AppStore|iPhoneSimulator.Build.0 = AppStore|iPhoneSimulator
		{080EDB5F-1677-4540-9AC4-D2C059B24E99}.AppStore|Mixed Platforms.ActiveCfg = AppStore|iPhone
		{080EDB5F-1677-4540-9AC4-D2C059B24E99}.AppStore|Mixed Platforms.Build.0 = AppStore|iPhone
		{080EDB5F-1677-4540-9AC4-D2C059B24E99}.AppStore|x64.ActiveCfg = AppStore|iPhone
		{080EDB5F-1677-4540-9AC4-D2C059B24E99}.AppStore|x86.ActiveCfg = AppStore|iPhone
		{080EDB5F-1677-4540-9AC4-D2C059B24E99}.Debug|Any CPU.ActiveCfg = Debug|iPhone
		{080EDB5F-1677-4540-9AC4-D2C059B24E99}.Debug|ARM.ActiveCfg = Debug|iPhone
		{080EDB5F-1677-4540-9AC4-D2C059B24E99}.Debug|iPhone.ActiveCfg = Debug|iPhone
		{080EDB5F-1677-4540-9AC4-D2C059B24E99}.Debug|iPhone.Build.0 = Debug|iPhone
		{080EDB5F-1677-4540-9AC4-D2C059B24E99}.Debug|iPhoneSimulator.ActiveCfg = Debug|iPhoneSimulator
		{080EDB5F-1677-4540-9AC4-D2C059B24E99}.Debug|iPhoneSimulator.Build.0 = Debug|iPhoneSimulator
		{080EDB5F-1677-4540-9AC4-D2C059B24E99}.Debug|Mixed Platforms.ActiveCfg = Debug|iPhone
		{080EDB5F-1677-4540-9AC4-D2C059B24E99}.Debug|Mixed Platforms.Build.0 = Debug|iPhone
		{080EDB5F-1677-4540-9AC4-D2C059B24E99}.Debug|x64.ActiveCfg = Debug|iPhone
		{080EDB5F-1677-4540-9AC4-D2C059B24E99}.Debug|x86.ActiveCfg = Debug|iPhone
		{080EDB5F-1677-4540-9AC4-D2C059B24E99}.Release|Any CPU.ActiveCfg = Release|iPhone
		{080EDB5F-1677-4540-9AC4-D2C059B24E99}.Release|ARM.ActiveCfg = Release|iPhone
		{080EDB5F-1677-4540-9AC4-D2C059B24E99}.Release|iPhone.ActiveCfg = Release|iPhone
		{080EDB5F-1677-4540-9AC4-D2C059B24E99}.Release|iPhone.Build.0 = Release|iPhone
		{080EDB5F-1677-4540-9AC4-D2C059B24E99}.Release|iPhoneSimulator.ActiveCfg = Release|iPhoneSimulator
		{080EDB5F-1677-4540-9AC4-D2C059B24E99}.Release|iPhoneSimulator.Build.0 = Release|iPhoneSimulator
		{080EDB5F-1677-4540-9AC4-D2C059B24E99}.Release|Mixed Platforms.ActiveCfg = Release|iPhone
		{080EDB5F-1677-4540-9AC4-D2C059B24E99}.Release|Mixed Platforms.Build.0 = Release|iPhone
		{080EDB5F-1677-4540-9AC4-D2C059B24E99}.Release|x64.ActiveCfg = Release|iPhone
		{080EDB5F-1677-4540-9AC4-D2C059B24E99}.Release|x86.ActiveCfg = Release|iPhone
	EndGlobalSection
	GlobalSection(SolutionProperties) = preSolution
		HideSolutionNode = FALSE
	EndGlobalSection
EndGlobal
