
Microsoft Visual Studio Solution File, Format Version 12.00
# Visual Studio 2013
VisualStudioVersion = 12.0.30501.0
MinimumVisualStudioVersion = 10.0.40219.1
Project("{FAE04EC0-301F-11D3-BF4B-00C04F79EFBC}") = "NewEmployee.App.WinPhone", "NewEmployee.App\NewEmployee.App.WinPhone\NewEmployee.App.WinPhone.csproj", "{7056FAC5-9285-4856-ADE5-858A3032F935}"
EndProject
Project("{FAE04EC0-301F-11D3-BF4B-00C04F79EFBC}") = "NewEmployee.App.iOS", "NewEmployee.App\NewEmployee.App.iOS\NewEmployee.App.iOS.csproj", "{82D2D238-CC15-4D3D-B266-9D229B522713}"
EndProject
Project("{FAE04EC0-301F-11D3-BF4B-00C04F79EFBC}") = "NewEmployee.App.Android", "NewEmployee.App\NewEmployee.App.Android\NewEmployee.App.Android.csproj", "{3FFD8D2D-7C25-4EBA-BE98-787A4DE173BF}"
EndProject
Project("{D954291E-2A0B-460D-934E-DC6B0785DB48}") = "NewEmployee.App", "NewEmployee.App\NewEmployee.App\NewEmployee.App.shproj", "{CEF66969-F05D-410A-9755-F494BF014BD3}"
EndProject
Project("{FAE04EC0-301F-11D3-BF4B-00C04F79EFBC}") = "NewEmployee.Data", "NewEmployee.Data\NewEmployee.Data.csproj", "{0B18D10D-8B44-4C5C-8F6D-2A25C4A53E22}"
EndProject
Project("{FAE04EC0-301F-11D3-BF4B-00C04F79EFBC}") = "NewEmployee.Data.iOS", "NewEmployee.Data.iOS\NewEmployee.Data.iOS.csproj", "{26E8FF0C-D08C-4A4F-A112-C217C76E783B}"
EndProject
Global
	GlobalSection(SharedMSBuildProjectFiles) = preSolution
		NewEmployee.App\NewEmployee.App\NewEmployee.App.projitems*{cef66969-f05d-410a-9755-f494bf014bd3}*SharedItemsImports = 13
		NewEmployee.App\NewEmployee.App\NewEmployee.App.projitems*{82d2d238-cc15-4d3d-b266-9d229b522713}*SharedItemsImports = 4
		NewEmployee.App\NewEmployee.App\NewEmployee.App.projitems*{3ffd8d2d-7c25-4eba-be98-787a4de173bf}*SharedItemsImports = 4
		NewEmployee.App\NewEmployee.App\NewEmployee.App.projitems*{7056fac5-9285-4856-ade5-858a3032f935}*SharedItemsImports = 4
	EndGlobalSection
	GlobalSection(SolutionConfigurationPlatforms) = preSolution
		Ad-Hoc|Any CPU = Ad-Hoc|Any CPU
		Ad-Hoc|ARM = Ad-Hoc|ARM
		Ad-Hoc|iPhone = Ad-Hoc|iPhone
		Ad-Hoc|iPhoneSimulator = Ad-Hoc|iPhoneSimulator
		Ad-Hoc|Mixed Platforms = Ad-Hoc|Mixed Platforms
		Ad-Hoc|x86 = Ad-Hoc|x86
		AppStore|Any CPU = AppStore|Any CPU
		AppStore|ARM = AppStore|ARM
		AppStore|iPhone = AppStore|iPhone
		AppStore|iPhoneSimulator = AppStore|iPhoneSimulator
		AppStore|Mixed Platforms = AppStore|Mixed Platforms
		AppStore|x86 = AppStore|x86
		Debug|Any CPU = Debug|Any CPU
		Debug|ARM = Debug|ARM
		Debug|iPhone = Debug|iPhone
		Debug|iPhoneSimulator = Debug|iPhoneSimulator
		Debug|Mixed Platforms = Debug|Mixed Platforms
		Debug|x86 = Debug|x86
		Release|Any CPU = Release|Any CPU
		Release|ARM = Release|ARM
		Release|iPhone = Release|iPhone
		Release|iPhoneSimulator = Release|iPhoneSimulator
		Release|Mixed Platforms = Release|Mixed Platforms
		Release|x86 = Release|x86
	EndGlobalSection
	GlobalSection(ProjectConfigurationPlatforms) = postSolution
		{7056FAC5-9285-4856-ADE5-858A3032F935}.Ad-Hoc|Any CPU.ActiveCfg = Release|Any CPU
		{7056FAC5-9285-4856-ADE5-858A3032F935}.Ad-Hoc|Any CPU.Build.0 = Release|Any CPU
		{7056FAC5-9285-4856-ADE5-858A3032F935}.Ad-Hoc|Any CPU.Deploy.0 = Release|Any CPU
		{7056FAC5-9285-4856-ADE5-858A3032F935}.Ad-Hoc|ARM.ActiveCfg = Release|ARM
		{7056FAC5-9285-4856-ADE5-858A3032F935}.Ad-Hoc|ARM.Build.0 = Release|ARM
		{7056FAC5-9285-4856-ADE5-858A3032F935}.Ad-Hoc|ARM.Deploy.0 = Release|ARM
		{7056FAC5-9285-4856-ADE5-858A3032F935}.Ad-Hoc|iPhone.ActiveCfg = Release|Any CPU
		{7056FAC5-9285-4856-ADE5-858A3032F935}.Ad-Hoc|iPhoneSimulator.ActiveCfg = Release|Any CPU
		{7056FAC5-9285-4856-ADE5-858A3032F935}.Ad-Hoc|Mixed Platforms.ActiveCfg = Release|x86
		{7056FAC5-9285-4856-ADE5-858A3032F935}.Ad-Hoc|Mixed Platforms.Build.0 = Release|x86
		{7056FAC5-9285-4856-ADE5-858A3032F935}.Ad-Hoc|Mixed Platforms.Deploy.0 = Release|x86
		{7056FAC5-9285-4856-ADE5-858A3032F935}.Ad-Hoc|x86.ActiveCfg = Release|x86
		{7056FAC5-9285-4856-ADE5-858A3032F935}.Ad-Hoc|x86.Build.0 = Release|x86
		{7056FAC5-9285-4856-ADE5-858A3032F935}.Ad-Hoc|x86.Deploy.0 = Release|x86
		{7056FAC5-9285-4856-ADE5-858A3032F935}.AppStore|Any CPU.ActiveCfg = Release|Any CPU
		{7056FAC5-9285-4856-ADE5-858A3032F935}.AppStore|Any CPU.Build.0 = Release|Any CPU
		{7056FAC5-9285-4856-ADE5-858A3032F935}.AppStore|Any CPU.Deploy.0 = Release|Any CPU
		{7056FAC5-9285-4856-ADE5-858A3032F935}.AppStore|ARM.ActiveCfg = Release|ARM
		{7056FAC5-9285-4856-ADE5-858A3032F935}.AppStore|ARM.Build.0 = Release|ARM
		{7056FAC5-9285-4856-ADE5-858A3032F935}.AppStore|ARM.Deploy.0 = Release|ARM
		{7056FAC5-9285-4856-ADE5-858A3032F935}.AppStore|iPhone.ActiveCfg = Release|Any CPU
		{7056FAC5-9285-4856-ADE5-858A3032F935}.AppStore|iPhoneSimulator.ActiveCfg = Release|Any CPU
		{7056FAC5-9285-4856-ADE5-858A3032F935}.AppStore|Mixed Platforms.ActiveCfg = Release|x86
		{7056FAC5-9285-4856-ADE5-858A3032F935}.AppStore|Mixed Platforms.Build.0 = Release|x86
		{7056FAC5-9285-4856-ADE5-858A3032F935}.AppStore|Mixed Platforms.Deploy.0 = Release|x86
		{7056FAC5-9285-4856-ADE5-858A3032F935}.AppStore|x86.ActiveCfg = Release|x86
		{7056FAC5-9285-4856-ADE5-858A3032F935}.AppStore|x86.Build.0 = Release|x86
		{7056FAC5-9285-4856-ADE5-858A3032F935}.AppStore|x86.Deploy.0 = Release|x86
		{7056FAC5-9285-4856-ADE5-858A3032F935}.Debug|Any CPU.ActiveCfg = Debug|Any CPU
		{7056FAC5-9285-4856-ADE5-858A3032F935}.Debug|Any CPU.Build.0 = Debug|Any CPU
		{7056FAC5-9285-4856-ADE5-858A3032F935}.Debug|Any CPU.Deploy.0 = Debug|Any CPU
		{7056FAC5-9285-4856-ADE5-858A3032F935}.Debug|ARM.ActiveCfg = Debug|ARM
		{7056FAC5-9285-4856-ADE5-858A3032F935}.Debug|ARM.Build.0 = Debug|ARM
		{7056FAC5-9285-4856-ADE5-858A3032F935}.Debug|ARM.Deploy.0 = Debug|ARM
		{7056FAC5-9285-4856-ADE5-858A3032F935}.Debug|iPhone.ActiveCfg = Debug|Any CPU
		{7056FAC5-9285-4856-ADE5-858A3032F935}.Debug|iPhoneSimulator.ActiveCfg = Debug|Any CPU
		{7056FAC5-9285-4856-ADE5-858A3032F935}.Debug|Mixed Platforms.ActiveCfg = Debug|x86
		{7056FAC5-9285-4856-ADE5-858A3032F935}.Debug|Mixed Platforms.Build.0 = Debug|x86
		{7056FAC5-9285-4856-ADE5-858A3032F935}.Debug|Mixed Platforms.Deploy.0 = Debug|x86
		{7056FAC5-9285-4856-ADE5-858A3032F935}.Debug|x86.ActiveCfg = Debug|x86
		{7056FAC5-9285-4856-ADE5-858A3032F935}.Debug|x86.Build.0 = Debug|x86
		{7056FAC5-9285-4856-ADE5-858A3032F935}.Debug|x86.Deploy.0 = Debug|x86
		{7056FAC5-9285-4856-ADE5-858A3032F935}.Release|Any CPU.ActiveCfg = Release|Any CPU
		{7056FAC5-9285-4856-ADE5-858A3032F935}.Release|Any CPU.Build.0 = Release|Any CPU
		{7056FAC5-9285-4856-ADE5-858A3032F935}.Release|Any CPU.Deploy.0 = Release|Any CPU
		{7056FAC5-9285-4856-ADE5-858A3032F935}.Release|ARM.ActiveCfg = Release|ARM
		{7056FAC5-9285-4856-ADE5-858A3032F935}.Release|ARM.Build.0 = Release|ARM
		{7056FAC5-9285-4856-ADE5-858A3032F935}.Release|ARM.Deploy.0 = Release|ARM
		{7056FAC5-9285-4856-ADE5-858A3032F935}.Release|iPhone.ActiveCfg = Release|Any CPU
		{7056FAC5-9285-4856-ADE5-858A3032F935}.Release|iPhoneSimulator.ActiveCfg = Release|Any CPU
		{7056FAC5-9285-4856-ADE5-858A3032F935}.Release|Mixed Platforms.ActiveCfg = Release|x86
		{7056FAC5-9285-4856-ADE5-858A3032F935}.Release|Mixed Platforms.Build.0 = Release|x86
		{7056FAC5-9285-4856-ADE5-858A3032F935}.Release|Mixed Platforms.Deploy.0 = Release|x86
		{7056FAC5-9285-4856-ADE5-858A3032F935}.Release|x86.ActiveCfg = Release|x86
		{7056FAC5-9285-4856-ADE5-858A3032F935}.Release|x86.Build.0 = Release|x86
		{7056FAC5-9285-4856-ADE5-858A3032F935}.Release|x86.Deploy.0 = Release|x86
		{82D2D238-CC15-4D3D-B266-9D229B522713}.Ad-Hoc|Any CPU.ActiveCfg = Ad-Hoc|iPhone
		{82D2D238-CC15-4D3D-B266-9D229B522713}.Ad-Hoc|ARM.ActiveCfg = Ad-Hoc|iPhone
		{82D2D238-CC15-4D3D-B266-9D229B522713}.Ad-Hoc|iPhone.ActiveCfg = Ad-Hoc|iPhone
		{82D2D238-CC15-4D3D-B266-9D229B522713}.Ad-Hoc|iPhone.Build.0 = Ad-Hoc|iPhone
		{82D2D238-CC15-4D3D-B266-9D229B522713}.Ad-Hoc|iPhone.Deploy.0 = Ad-Hoc|iPhone
		{82D2D238-CC15-4D3D-B266-9D229B522713}.Ad-Hoc|iPhoneSimulator.ActiveCfg = Ad-Hoc|iPhoneSimulator
		{82D2D238-CC15-4D3D-B266-9D229B522713}.Ad-Hoc|iPhoneSimulator.Build.0 = Ad-Hoc|iPhoneSimulator
		{82D2D238-CC15-4D3D-B266-9D229B522713}.Ad-Hoc|iPhoneSimulator.Deploy.0 = Ad-Hoc|iPhoneSimulator
		{82D2D238-CC15-4D3D-B266-9D229B522713}.Ad-Hoc|Mixed Platforms.ActiveCfg = Ad-Hoc|iPhone
		{82D2D238-CC15-4D3D-B266-9D229B522713}.Ad-Hoc|Mixed Platforms.Build.0 = Ad-Hoc|iPhone
		{82D2D238-CC15-4D3D-B266-9D229B522713}.Ad-Hoc|Mixed Platforms.Deploy.0 = Ad-Hoc|iPhone
		{82D2D238-CC15-4D3D-B266-9D229B522713}.Ad-Hoc|x86.ActiveCfg = Ad-Hoc|iPhone
		{82D2D238-CC15-4D3D-B266-9D229B522713}.AppStore|Any CPU.ActiveCfg = AppStore|iPhone
		{82D2D238-CC15-4D3D-B266-9D229B522713}.AppStore|ARM.ActiveCfg = AppStore|iPhone
		{82D2D238-CC15-4D3D-B266-9D229B522713}.AppStore|iPhone.ActiveCfg = AppStore|iPhone
		{82D2D238-CC15-4D3D-B266-9D229B522713}.AppStore|iPhone.Build.0 = AppStore|iPhone
		{82D2D238-CC15-4D3D-B266-9D229B522713}.AppStore|iPhone.Deploy.0 = AppStore|iPhone
		{82D2D238-CC15-4D3D-B266-9D229B522713}.AppStore|iPhoneSimulator.ActiveCfg = AppStore|iPhoneSimulator
		{82D2D238-CC15-4D3D-B266-9D229B522713}.AppStore|iPhoneSimulator.Build.0 = AppStore|iPhoneSimulator
		{82D2D238-CC15-4D3D-B266-9D229B522713}.AppStore|iPhoneSimulator.Deploy.0 = AppStore|iPhoneSimulator
		{82D2D238-CC15-4D3D-B266-9D229B522713}.AppStore|Mixed Platforms.ActiveCfg = AppStore|iPhone
		{82D2D238-CC15-4D3D-B266-9D229B522713}.AppStore|Mixed Platforms.Build.0 = AppStore|iPhone
		{82D2D238-CC15-4D3D-B266-9D229B522713}.AppStore|Mixed Platforms.Deploy.0 = AppStore|iPhone
		{82D2D238-CC15-4D3D-B266-9D229B522713}.AppStore|x86.ActiveCfg = AppStore|iPhone
		{82D2D238-CC15-4D3D-B266-9D229B522713}.Debug|Any CPU.ActiveCfg = Debug|iPhone
		{82D2D238-CC15-4D3D-B266-9D229B522713}.Debug|ARM.ActiveCfg = Debug|iPhone
		{82D2D238-CC15-4D3D-B266-9D229B522713}.Debug|iPhone.ActiveCfg = Debug|iPhone
		{82D2D238-CC15-4D3D-B266-9D229B522713}.Debug|iPhone.Build.0 = Debug|iPhone
		{82D2D238-CC15-4D3D-B266-9D229B522713}.Debug|iPhone.Deploy.0 = Debug|iPhone
		{82D2D238-CC15-4D3D-B266-9D229B522713}.Debug|iPhoneSimulator.ActiveCfg = Debug|iPhoneSimulator
		{82D2D238-CC15-4D3D-B266-9D229B522713}.Debug|iPhoneSimulator.Build.0 = Debug|iPhoneSimulator
		{82D2D238-CC15-4D3D-B266-9D229B522713}.Debug|iPhoneSimulator.Deploy.0 = Debug|iPhoneSimulator
		{82D2D238-CC15-4D3D-B266-9D229B522713}.Debug|Mixed Platforms.ActiveCfg = Debug|iPhone
		{82D2D238-CC15-4D3D-B266-9D229B522713}.Debug|Mixed Platforms.Build.0 = Debug|iPhone
		{82D2D238-CC15-4D3D-B266-9D229B522713}.Debug|Mixed Platforms.Deploy.0 = Debug|iPhone
		{82D2D238-CC15-4D3D-B266-9D229B522713}.Debug|x86.ActiveCfg = Debug|iPhone
		{82D2D238-CC15-4D3D-B266-9D229B522713}.Release|Any CPU.ActiveCfg = Release|iPhone
		{82D2D238-CC15-4D3D-B266-9D229B522713}.Release|ARM.ActiveCfg = Release|iPhone
		{82D2D238-CC15-4D3D-B266-9D229B522713}.Release|iPhone.ActiveCfg = Release|iPhone
		{82D2D238-CC15-4D3D-B266-9D229B522713}.Release|iPhone.Build.0 = Release|iPhone
		{82D2D238-CC15-4D3D-B266-9D229B522713}.Release|iPhone.Deploy.0 = Release|iPhone
		{82D2D238-CC15-4D3D-B266-9D229B522713}.Release|iPhoneSimulator.ActiveCfg = Release|iPhoneSimulator
		{82D2D238-CC15-4D3D-B266-9D229B522713}.Release|iPhoneSimulator.Build.0 = Release|iPhoneSimulator
		{82D2D238-CC15-4D3D-B266-9D229B522713}.Release|iPhoneSimulator.Deploy.0 = Release|iPhoneSimulator
		{82D2D238-CC15-4D3D-B266-9D229B522713}.Release|Mixed Platforms.ActiveCfg = Release|iPhone
		{82D2D238-CC15-4D3D-B266-9D229B522713}.Release|Mixed Platforms.Build.0 = Release|iPhone
		{82D2D238-CC15-4D3D-B266-9D229B522713}.Release|Mixed Platforms.Deploy.0 = Release|iPhone
		{82D2D238-CC15-4D3D-B266-9D229B522713}.Release|x86.ActiveCfg = Release|iPhone
		{3FFD8D2D-7C25-4EBA-BE98-787A4DE173BF}.Ad-Hoc|Any CPU.ActiveCfg = Release|Any CPU
		{3FFD8D2D-7C25-4EBA-BE98-787A4DE173BF}.Ad-Hoc|Any CPU.Build.0 = Release|Any CPU
		{3FFD8D2D-7C25-4EBA-BE98-787A4DE173BF}.Ad-Hoc|Any CPU.Deploy.0 = Release|Any CPU
		{3FFD8D2D-7C25-4EBA-BE98-787A4DE173BF}.Ad-Hoc|ARM.ActiveCfg = Release|Any CPU
		{3FFD8D2D-7C25-4EBA-BE98-787A4DE173BF}.Ad-Hoc|iPhone.ActiveCfg = Release|Any CPU
		{3FFD8D2D-7C25-4EBA-BE98-787A4DE173BF}.Ad-Hoc|iPhoneSimulator.ActiveCfg = Release|Any CPU
		{3FFD8D2D-7C25-4EBA-BE98-787A4DE173BF}.Ad-Hoc|Mixed Platforms.ActiveCfg = Release|Any CPU
		{3FFD8D2D-7C25-4EBA-BE98-787A4DE173BF}.Ad-Hoc|Mixed Platforms.Build.0 = Release|Any CPU
		{3FFD8D2D-7C25-4EBA-BE98-787A4DE173BF}.Ad-Hoc|Mixed Platforms.Deploy.0 = Release|Any CPU
		{3FFD8D2D-7C25-4EBA-BE98-787A4DE173BF}.Ad-Hoc|x86.ActiveCfg = Release|Any CPU
		{3FFD8D2D-7C25-4EBA-BE98-787A4DE173BF}.AppStore|Any CPU.ActiveCfg = Release|Any CPU
		{3FFD8D2D-7C25-4EBA-BE98-787A4DE173BF}.AppStore|Any CPU.Build.0 = Release|Any CPU
		{3FFD8D2D-7C25-4EBA-BE98-787A4DE173BF}.AppStore|Any CPU.Deploy.0 = Release|Any CPU
		{3FFD8D2D-7C25-4EBA-BE98-787A4DE173BF}.AppStore|ARM.ActiveCfg = Release|Any CPU
		{3FFD8D2D-7C25-4EBA-BE98-787A4DE173BF}.AppStore|iPhone.ActiveCfg = Release|Any CPU
		{3FFD8D2D-7C25-4EBA-BE98-787A4DE173BF}.AppStore|iPhoneSimulator.ActiveCfg = Release|Any CPU
		{3FFD8D2D-7C25-4EBA-BE98-787A4DE173BF}.AppStore|Mixed Platforms.ActiveCfg = Release|Any CPU
		{3FFD8D2D-7C25-4EBA-BE98-787A4DE173BF}.AppStore|Mixed Platforms.Build.0 = Release|Any CPU
		{3FFD8D2D-7C25-4EBA-BE98-787A4DE173BF}.AppStore|Mixed Platforms.Deploy.0 = Release|Any CPU
		{3FFD8D2D-7C25-4EBA-BE98-787A4DE173BF}.AppStore|x86.ActiveCfg = Release|Any CPU
		{3FFD8D2D-7C25-4EBA-BE98-787A4DE173BF}.Debug|Any CPU.ActiveCfg = Debug|Any CPU
		{3FFD8D2D-7C25-4EBA-BE98-787A4DE173BF}.Debug|Any CPU.Build.0 = Debug|Any CPU
		{3FFD8D2D-7C25-4EBA-BE98-787A4DE173BF}.Debug|Any CPU.Deploy.0 = Debug|Any CPU
		{3FFD8D2D-7C25-4EBA-BE98-787A4DE173BF}.Debug|ARM.ActiveCfg = Debug|Any CPU
		{3FFD8D2D-7C25-4EBA-BE98-787A4DE173BF}.Debug|iPhone.ActiveCfg = Debug|Any CPU
		{3FFD8D2D-7C25-4EBA-BE98-787A4DE173BF}.Debug|iPhoneSimulator.ActiveCfg = Debug|Any CPU
		{3FFD8D2D-7C25-4EBA-BE98-787A4DE173BF}.Debug|Mixed Platforms.ActiveCfg = Debug|Any CPU
		{3FFD8D2D-7C25-4EBA-BE98-787A4DE173BF}.Debug|Mixed Platforms.Build.0 = Debug|Any CPU
		{3FFD8D2D-7C25-4EBA-BE98-787A4DE173BF}.Debug|Mixed Platforms.Deploy.0 = Debug|Any CPU
		{3FFD8D2D-7C25-4EBA-BE98-787A4DE173BF}.Debug|x86.ActiveCfg = Debug|Any CPU
		{3FFD8D2D-7C25-4EBA-BE98-787A4DE173BF}.Release|Any CPU.ActiveCfg = Release|Any CPU
		{3FFD8D2D-7C25-4EBA-BE98-787A4DE173BF}.Release|Any CPU.Build.0 = Release|Any CPU
		{3FFD8D2D-7C25-4EBA-BE98-787A4DE173BF}.Release|Any CPU.Deploy.0 = Release|Any CPU
		{3FFD8D2D-7C25-4EBA-BE98-787A4DE173BF}.Release|ARM.ActiveCfg = Release|Any CPU
		{3FFD8D2D-7C25-4EBA-BE98-787A4DE173BF}.Release|iPhone.ActiveCfg = Release|Any CPU
		{3FFD8D2D-7C25-4EBA-BE98-787A4DE173BF}.Release|iPhoneSimulator.ActiveCfg = Release|Any CPU
		{3FFD8D2D-7C25-4EBA-BE98-787A4DE173BF}.Release|Mixed Platforms.ActiveCfg = Release|Any CPU
		{3FFD8D2D-7C25-4EBA-BE98-787A4DE173BF}.Release|Mixed Platforms.Build.0 = Release|Any CPU
		{3FFD8D2D-7C25-4EBA-BE98-787A4DE173BF}.Release|Mixed Platforms.Deploy.0 = Release|Any CPU
		{3FFD8D2D-7C25-4EBA-BE98-787A4DE173BF}.Release|x86.ActiveCfg = Release|Any CPU
		{0B18D10D-8B44-4C5C-8F6D-2A25C4A53E22}.Ad-Hoc|Any CPU.ActiveCfg = Release|Any CPU
		{0B18D10D-8B44-4C5C-8F6D-2A25C4A53E22}.Ad-Hoc|Any CPU.Build.0 = Release|Any CPU
		{0B18D10D-8B44-4C5C-8F6D-2A25C4A53E22}.Ad-Hoc|ARM.ActiveCfg = Release|Any CPU
		{0B18D10D-8B44-4C5C-8F6D-2A25C4A53E22}.Ad-Hoc|iPhone.ActiveCfg = Release|Any CPU
		{0B18D10D-8B44-4C5C-8F6D-2A25C4A53E22}.Ad-Hoc|iPhoneSimulator.ActiveCfg = Release|Any CPU
		{0B18D10D-8B44-4C5C-8F6D-2A25C4A53E22}.Ad-Hoc|Mixed Platforms.ActiveCfg = Release|Any CPU
		{0B18D10D-8B44-4C5C-8F6D-2A25C4A53E22}.Ad-Hoc|Mixed Platforms.Build.0 = Release|Any CPU
		{0B18D10D-8B44-4C5C-8F6D-2A25C4A53E22}.Ad-Hoc|x86.ActiveCfg = Release|Any CPU
		{0B18D10D-8B44-4C5C-8F6D-2A25C4A53E22}.AppStore|Any CPU.ActiveCfg = Release|Any CPU
		{0B18D10D-8B44-4C5C-8F6D-2A25C4A53E22}.AppStore|Any CPU.Build.0 = Release|Any CPU
		{0B18D10D-8B44-4C5C-8F6D-2A25C4A53E22}.AppStore|ARM.ActiveCfg = Release|Any CPU
		{0B18D10D-8B44-4C5C-8F6D-2A25C4A53E22}.AppStore|iPhone.ActiveCfg = Release|Any CPU
		{0B18D10D-8B44-4C5C-8F6D-2A25C4A53E22}.AppStore|iPhoneSimulator.ActiveCfg = Release|Any CPU
		{0B18D10D-8B44-4C5C-8F6D-2A25C4A53E22}.AppStore|Mixed Platforms.ActiveCfg = Release|Any CPU
		{0B18D10D-8B44-4C5C-8F6D-2A25C4A53E22}.AppStore|Mixed Platforms.Build.0 = Release|Any CPU
		{0B18D10D-8B44-4C5C-8F6D-2A25C4A53E22}.AppStore|x86.ActiveCfg = Release|Any CPU
		{0B18D10D-8B44-4C5C-8F6D-2A25C4A53E22}.Debug|Any CPU.ActiveCfg = Debug|Any CPU
		{0B18D10D-8B44-4C5C-8F6D-2A25C4A53E22}.Debug|Any CPU.Build.0 = Debug|Any CPU
		{0B18D10D-8B44-4C5C-8F6D-2A25C4A53E22}.Debug|ARM.ActiveCfg = Debug|Any CPU
		{0B18D10D-8B44-4C5C-8F6D-2A25C4A53E22}.Debug|iPhone.ActiveCfg = Debug|Any CPU
		{0B18D10D-8B44-4C5C-8F6D-2A25C4A53E22}.Debug|iPhoneSimulator.ActiveCfg = Debug|Any CPU
		{0B18D10D-8B44-4C5C-8F6D-2A25C4A53E22}.Debug|Mixed Platforms.ActiveCfg = Debug|Any CPU
		{0B18D10D-8B44-4C5C-8F6D-2A25C4A53E22}.Debug|Mixed Platforms.Build.0 = Debug|Any CPU
		{0B18D10D-8B44-4C5C-8F6D-2A25C4A53E22}.Debug|x86.ActiveCfg = Debug|Any CPU
		{0B18D10D-8B44-4C5C-8F6D-2A25C4A53E22}.Release|Any CPU.ActiveCfg = Release|Any CPU
		{0B18D10D-8B44-4C5C-8F6D-2A25C4A53E22}.Release|Any CPU.Build.0 = Release|Any CPU
		{0B18D10D-8B44-4C5C-8F6D-2A25C4A53E22}.Release|ARM.ActiveCfg = Release|Any CPU
		{0B18D10D-8B44-4C5C-8F6D-2A25C4A53E22}.Release|iPhone.ActiveCfg = Release|Any CPU
		{0B18D10D-8B44-4C5C-8F6D-2A25C4A53E22}.Release|iPhoneSimulator.ActiveCfg = Release|Any CPU
		{0B18D10D-8B44-4C5C-8F6D-2A25C4A53E22}.Release|Mixed Platforms.ActiveCfg = Release|Any CPU
		{0B18D10D-8B44-4C5C-8F6D-2A25C4A53E22}.Release|Mixed Platforms.Build.0 = Release|Any CPU
		{0B18D10D-8B44-4C5C-8F6D-2A25C4A53E22}.Release|x86.ActiveCfg = Release|Any CPU
		{26E8FF0C-D08C-4A4F-A112-C217C76E783B}.Ad-Hoc|Any CPU.ActiveCfg = Release|Any CPU
		{26E8FF0C-D08C-4A4F-A112-C217C76E783B}.Ad-Hoc|Any CPU.Build.0 = Release|Any CPU
		{26E8FF0C-D08C-4A4F-A112-C217C76E783B}.Ad-Hoc|ARM.ActiveCfg = Release|Any CPU
		{26E8FF0C-D08C-4A4F-A112-C217C76E783B}.Ad-Hoc|iPhone.ActiveCfg = Release|Any CPU
		{26E8FF0C-D08C-4A4F-A112-C217C76E783B}.Ad-Hoc|iPhoneSimulator.ActiveCfg = Release|Any CPU
		{26E8FF0C-D08C-4A4F-A112-C217C76E783B}.Ad-Hoc|Mixed Platforms.ActiveCfg = Release|Any CPU
		{26E8FF0C-D08C-4A4F-A112-C217C76E783B}.Ad-Hoc|Mixed Platforms.Build.0 = Release|Any CPU
		{26E8FF0C-D08C-4A4F-A112-C217C76E783B}.Ad-Hoc|x86.ActiveCfg = Release|Any CPU
		{26E8FF0C-D08C-4A4F-A112-C217C76E783B}.AppStore|Any CPU.ActiveCfg = Release|Any CPU
		{26E8FF0C-D08C-4A4F-A112-C217C76E783B}.AppStore|Any CPU.Build.0 = Release|Any CPU
		{26E8FF0C-D08C-4A4F-A112-C217C76E783B}.AppStore|ARM.ActiveCfg = Release|Any CPU
		{26E8FF0C-D08C-4A4F-A112-C217C76E783B}.AppStore|iPhone.ActiveCfg = Release|Any CPU
		{26E8FF0C-D08C-4A4F-A112-C217C76E783B}.AppStore|iPhoneSimulator.ActiveCfg = Release|Any CPU
		{26E8FF0C-D08C-4A4F-A112-C217C76E783B}.AppStore|Mixed Platforms.ActiveCfg = Release|Any CPU
		{26E8FF0C-D08C-4A4F-A112-C217C76E783B}.AppStore|Mixed Platforms.Build.0 = Release|Any CPU
		{26E8FF0C-D08C-4A4F-A112-C217C76E783B}.AppStore|x86.ActiveCfg = Release|Any CPU
		{26E8FF0C-D08C-4A4F-A112-C217C76E783B}.Debug|Any CPU.ActiveCfg = Debug|Any CPU
		{26E8FF0C-D08C-4A4F-A112-C217C76E783B}.Debug|Any CPU.Build.0 = Debug|Any CPU
		{26E8FF0C-D08C-4A4F-A112-C217C76E783B}.Debug|ARM.ActiveCfg = Debug|Any CPU
		{26E8FF0C-D08C-4A4F-A112-C217C76E783B}.Debug|iPhone.ActiveCfg = Debug|Any CPU
		{26E8FF0C-D08C-4A4F-A112-C217C76E783B}.Debug|iPhoneSimulator.ActiveCfg = Debug|Any CPU
		{26E8FF0C-D08C-4A4F-A112-C217C76E783B}.Debug|Mixed Platforms.ActiveCfg = Debug|Any CPU
		{26E8FF0C-D08C-4A4F-A112-C217C76E783B}.Debug|Mixed Platforms.Build.0 = Debug|Any CPU
		{26E8FF0C-D08C-4A4F-A112-C217C76E783B}.Debug|x86.ActiveCfg = Debug|Any CPU
		{26E8FF0C-D08C-4A4F-A112-C217C76E783B}.Release|Any CPU.ActiveCfg = Release|Any CPU
		{26E8FF0C-D08C-4A4F-A112-C217C76E783B}.Release|Any CPU.Build.0 = Release|Any CPU
		{26E8FF0C-D08C-4A4F-A112-C217C76E783B}.Release|ARM.ActiveCfg = Release|Any CPU
		{26E8FF0C-D08C-4A4F-A112-C217C76E783B}.Release|iPhone.ActiveCfg = Release|Any CPU
		{26E8FF0C-D08C-4A4F-A112-C217C76E783B}.Release|iPhoneSimulator.ActiveCfg = Release|Any CPU
		{26E8FF0C-D08C-4A4F-A112-C217C76E783B}.Release|Mixed Platforms.ActiveCfg = Release|Any CPU
		{26E8FF0C-D08C-4A4F-A112-C217C76E783B}.Release|Mixed Platforms.Build.0 = Release|Any CPU
		{26E8FF0C-D08C-4A4F-A112-C217C76E783B}.Release|x86.ActiveCfg = Release|Any CPU
	EndGlobalSection
	GlobalSection(SolutionProperties) = preSolution
		HideSolutionNode = FALSE
	EndGlobalSection
EndGlobal
